// !$*UTF8*$!
{
	archiveVersion = 1;
	classes = {
	};
	objectVersion = 77;
	objects = {

/* Begin PBXBuildFile section */
		288B00E82E8A2DE200AFE735 /* Preview Assets.xcassets in Resources */ = {isa = PBXBuildFile; fileRef = 288B00E22E8A2DE200AFE735 /* Preview Assets.xcassets */; };
		288B00E92E8A2DE200AFE735 /* Assets.xcassets in Resources */ = {isa = PBXBuildFile; fileRef = 288B00E52E8A2DE200AFE735 /* Assets.xcassets */; };
		288B00EA2E8A2DE200AFE735 /* AppChiTieuApp.swift in Sources */ = {isa = PBXBuildFile; fileRef = 288B00E42E8A2DE200AFE735 /* AppChiTieuApp.swift */; };
		288B00EB2E8A2DE200AFE735 /* ContentView.swift in Sources */ = {isa = PBXBuildFile; fileRef = 288B00E62E8A2DE200AFE735 /* ContentView.swift */; };
		288B00EF2E8A2E0700AFE735 /* HomeView.swift in Sources */ = {isa = PBXBuildFile; fileRef = 288B00EE2E8A2E0700AFE735 /* HomeView.swift */; };
		288B00F12E8A8DB000AFE735 /* HomeItem.swift in Sources */ = {isa = PBXBuildFile; fileRef = 288B00F02E8A8DB000AFE735 /* HomeItem.swift */; };
		288B00F32E8A8DB700AFE735 /* HomeModel.swift in Sources */ = {isa = PBXBuildFile; fileRef = 288B00F22E8A8DB700AFE735 /* HomeModel.swift */; };
/* End PBXBuildFile section */

/* Begin PBXFileReference section */
		288B00D12E8A2C1D00AFE735 /* AppChiTieu.app */ = {isa = PBXFileReference; explicitFileType = wrapper.application; includeInIndex = 0; path = AppChiTieu.app; sourceTree = BUILT_PRODUCTS_DIR; };
		288B00E22E8A2DE200AFE735 /* Preview Assets.xcassets */ = {isa = PBXFileReference; lastKnownFileType = folder.assetcatalog; path = "Preview Assets.xcassets"; sourceTree = "<group>"; };
		288B00E42E8A2DE200AFE735 /* AppChiTieuApp.swift */ = {isa = PBXFileReference; lastKnownFileType = sourcecode.swift; path = AppChiTieuApp.swift; sourceTree = "<group>"; };
		288B00E52E8A2DE200AFE735 /* Assets.xcassets */ = {isa = PBXFileReference; lastKnownFileType = folder.assetcatalog; path = Assets.xcassets; sourceTree = "<group>"; };
		288B00E62E8A2DE200AFE735 /* ContentView.swift */ = {isa = PBXFileReference; lastKnownFileType = sourcecode.swift; path = ContentView.swift; sourceTree = "<group>"; };
		288B00EE2E8A2E0700AFE735 /* HomeView.swift */ = {isa = PBXFileReference; lastKnownFileType = sourcecode.swift; path = HomeView.swift; sourceTree = "<group>"; };
		288B00F02E8A8DB000AFE735 /* HomeItem.swift */ = {isa = PBXFileReference; lastKnownFileType = sourcecode.swift; path = HomeItem.swift; sourceTree = "<group>"; };
		288B00F22E8A8DB700AFE735 /* HomeModel.swift */ = {isa = PBXFileReference; lastKnownFileType = sourcecode.swift; path = HomeModel.swift; sourceTree = "<group>"; };
/* End PBXFileReference section */

/* Begin PBXFrameworksBuildPhase section */
		288B00CE2E8A2C1D00AFE735 /* Frameworks */ = {
			isa = PBXFrameworksBuildPhase;
			buildActionMask = 2147483647;
			files = (
			);
			runOnlyForDeploymentPostprocessing = 0;
		};
/* End PBXFrameworksBuildPhase section */

/* Begin PBXGroup section */
		288B00C82E8A2C1D00AFE735 = {
			isa = PBXGroup;
			children = (
				288B00E72E8A2DE200AFE735 /* AppChiTieu */,
				288B00D22E8A2C1D00AFE735 /* Products */,
			);
			sourceTree = "<group>";
		};
		288B00D22E8A2C1D00AFE735 /* Products */ = {
			isa = PBXGroup;
			children = (
				288B00D12E8A2C1D00AFE735 /* AppChiTieu.app */,
			);
			name = Products;
			sourceTree = "<group>";
		};
		288B00E32E8A2DE200AFE735 /* Preview Content */ = {
			isa = PBXGroup;
			children = (
				288B00EC2E8A2DE900AFE735 /* Modules */,
				288B00E22E8A2DE200AFE735 /* Preview Assets.xcassets */,
			);
			path = "Preview Content";
			sourceTree = "<group>";
		};
		288B00E72E8A2DE200AFE735 /* AppChiTieu */ = {
			isa = PBXGroup;
			children = (
				288B00E32E8A2DE200AFE735 /* Preview Content */,
				288B00E42E8A2DE200AFE735 /* AppChiTieuApp.swift */,
				288B00E52E8A2DE200AFE735 /* Assets.xcassets */,
				288B00E62E8A2DE200AFE735 /* ContentView.swift */,
			);
			path = AppChiTieu;
			sourceTree = "<group>";
		};
		288B00EC2E8A2DE900AFE735 /* Modules */ = {
			isa = PBXGroup;
			children = (
				288B00ED2E8A2DF000AFE735 /* HomeView */,
			);
			path = Modules;
			sourceTree = "<group>";
		};
		288B00ED2E8A2DF000AFE735 /* HomeView */ = {
			isa = PBXGroup;
			children = (
				288B00EE2E8A2E0700AFE735 /* HomeView.swift */,
				288B00F22E8A8DB700AFE735 /* HomeModel.swift */,
				288B00F02E8A8DB000AFE735 /* HomeItem.swift */,
			);
			path = HomeView;
			sourceTree = "<group>";
		};
/* End PBXGroup section */

/* Begin PBXNativeTarget section */
		288B00D02E8A2C1D00AFE735 /* AppChiTieu */ = {
			isa = PBXNativeTarget;
			buildConfigurationList = 288B00DF2E8A2C1F00AFE735 /* Build configuration list for PBXNativeTarget "AppChiTieu" */;
			buildPhases = (
				288B00CD2E8A2C1D00AFE735 /* Sources */,
				288B00CE2E8A2C1D00AFE735 /* Frameworks */,
				288B00CF2E8A2C1D00AFE735 /* Resources */,
			);
			buildRules = (
			);
			dependencies = (
			);
			name = AppChiTieu;
			packageProductDependencies = (
			);
			productName = AppChiTieu;
			productReference = 288B00D12E8A2C1D00AFE735 /* AppChiTieu.app */;
			productType = "com.apple.product-type.application";
		};
/* End PBXNativeTarget section */

/* Begin PBXProject section */
		288B00C92E8A2C1D00AFE735 /* Project object */ = {
			isa = PBXProject;
			attributes = {
				BuildIndependentTargetsInParallel = 1;
				LastSwiftUpdateCheck = 1610;
				LastUpgradeCheck = 1610;
				TargetAttributes = {
					288B00D02E8A2C1D00AFE735 = {
						CreatedOnToolsVersion = 16.1;
					};
				};
			};
			buildConfigurationList = 288B00CC2E8A2C1D00AFE735 /* Build configuration list for PBXProject "AppChiTieu" */;
			developmentRegion = en;
			hasScannedForEncodings = 0;
			knownRegions = (
				en,
				Base,
			);
			mainGroup = 288B00C82E8A2C1D00AFE735;
			minimizedProjectReferenceProxies = 1;
			preferredProjectObjectVersion = 77;
			productRefGroup = 288B00D22E8A2C1D00AFE735 /* Products */;
			projectDirPath = "";
			projectRoot = "";
			targets = (
				288B00D02E8A2C1D00AFE735 /* AppChiTieu */,
			);
		};
/* End PBXProject section */

/* Begin PBXResourcesBuildPhase section */
		288B00CF2E8A2C1D00AFE735 /* Resources */ = {
			isa = PBXResourcesBuildPhase;
			buildActionMask = 2147483647;
			files = (
				288B00E82E8A2DE200AFE735 /* Preview Assets.xcassets in Resources */,
				288B00E92E8A2DE200AFE735 /* Assets.xcassets in Resources */,
			);
			runOnlyForDeploymentPostprocessing = 0;
		};
/* End PBXResourcesBuildPhase section */

/* Begin PBXSourcesBuildPhase section */
		288B00CD2E8A2C1D00AFE735 /* Sources */ = {
			isa = PBXSourcesBuildPhase;
			buildActionMask = 2147483647;
			files = (
				288B00EF2E8A2E0700AFE735 /* HomeView.swift in Sources */,
				288B00F12E8A8DB000AFE735 /* HomeItem.swift in Sources */,
				288B00EA2E8A2DE200AFE735 /* AppChiTieuApp.swift in Sources */,
				288B00F32E8A8DB700AFE735 /* HomeModel.swift in Sources */,
				288B00EB2E8A2DE200AFE735 /* ContentView.swift in Sources */,
			);
			runOnlyForDeploymentPostprocessing = 0;
		};
/* End PBXSourcesBuildPhase section */

/* Begin XCBuildConfiguration section */
		288B00DD2E8A2C1F00AFE735 /* Debug */ = {
			isa = XCBuildConfiguration;
			buildSettings = {
				ALWAYS_SEARCH_USER_PATHS = NO;
				ASSETCATALOG_COMPILER_GENERATE_SWIFT_ASSET_SYMBOL_EXTENSIONS = YES;
				CLANG_ANALYZER_NONNULL = YES;
				CLANG_ANALYZER_NUMBER_OBJECT_CONVERSION = YES_AGGRESSIVE;
				CLANG_CXX_LANGUAGE_STANDARD = "gnu++20";
				CLANG_ENABLE_MODULES = YES;
				CLANG_ENABLE_OBJC_ARC = YES;
				CLANG_ENABLE_OBJC_WEAK = YES;
				CLANG_WARN_BLOCK_CAPTURE_AUTORELEASING = YES;
				CLANG_WARN_BOOL_CONVERSION = YES;
				CLANG_WARN_COMMA = YES;
				CLANG_WARN_CONSTANT_CONVERSION = YES;
				CLANG_WARN_DEPRECATED_OBJC_IMPLEMENTATIONS = YES;
				CLANG_WARN_DIRECT_OBJC_ISA_USAGE = YES_ERROR;
				CLANG_WARN_DOCUMENTATION_COMMENTS = YES;
				CLANG_WARN_EMPTY_BODY = YES;
				CLANG_WARN_ENUM_CONVERSION = YES;
				CLANG_WARN_INFINITE_RECURSION = YES;
				CLANG_WARN_INT_CONVERSION = YES;
				CLANG_WARN_NON_LITERAL_NULL_CONVERSION = YES;
				CLANG_WARN_OBJC_IMPLICIT_RETAIN_SELF = YES;
				CLANG_WARN_OBJC_LITERAL_CONVERSION = YES;
				CLANG_WARN_OBJC_ROOT_CLASS = YES_ERROR;
				CLANG_WARN_QUOTED_INCLUDE_IN_FRAMEWORK_HEADER = YES;
				CLANG_WARN_RANGE_LOOP_ANALYSIS = YES;
				CLANG_WARN_STRICT_PROTOTYPES = YES;
				CLANG_WARN_SUSPICIOUS_MOVE = YES;
				CLANG_WARN_UNGUARDED_AVAILABILITY = YES_AGGRESSIVE;
				CLANG_WARN_UNREACHABLE_CODE = YES;
				CLANG_WARN__DUPLICATE_METHOD_MATCH = YES;
				COPY_PHASE_STRIP = NO;
				DEBUG_INFORMATION_FORMAT = dwarf;
				ENABLE_STRICT_OBJC_MSGSEND = YES;
				ENABLE_TESTABILITY = YES;
				ENABLE_USER_SCRIPT_SANDBOXING = YES;
				GCC_C_LANGUAGE_STANDARD = gnu17;
				GCC_DYNAMIC_NO_PIC = NO;
				GCC_NO_COMMON_BLOCKS = YES;
				GCC_OPTIMIZATION_LEVEL = 0;
				GCC_PREPROCESSOR_DEFINITIONS = (
					"DEBUG=1",
					"$(inherited)",
				);
				GCC_WARN_64_TO_32_BIT_CONVERSION = YES;
				GCC_WARN_ABOUT_RETURN_TYPE = YES_ERROR;
				GCC_WARN_UNDECLARED_SELECTOR = YES;
				GCC_WARN_UNINITIALIZED_AUTOS = YES_AGGRESSIVE;
				GCC_WARN_UNUSED_FUNCTION = YES;
				GCC_WARN_UNUSED_VARIABLE = YES;
				IPHONEOS_DEPLOYMENT_TARGET = 18.1;
				LOCALIZATION_PREFERS_STRING_CATALOGS = YES;
				MTL_ENABLE_DEBUG_INFO = INCLUDE_SOURCE;
				MTL_FAST_MATH = YES;
				ONLY_ACTIVE_ARCH = YES;
				SDKROOT = iphoneos;
				SWIFT_ACTIVE_COMPILATION_CONDITIONS = "DEBUG $(inherited)";
				SWIFT_OPTIMIZATION_LEVEL = "-Onone";
			};
			name = Debug;
		};
		288B00DE2E8A2C1F00AFE735 /* Release */ = {
			isa = XCBuildConfiguration;
			buildSettings = {
				ALWAYS_SEARCH_USER_PATHS = NO;
				ASSETCATALOG_COMPILER_GENERATE_SWIFT_ASSET_SYMBOL_EXTENSIONS = YES;
				CLANG_ANALYZER_NONNULL = YES;
				CLANG_ANALYZER_NUMBER_OBJECT_CONVERSION = YES_AGGRESSIVE;
				CLANG_CXX_LANGUAGE_STANDARD = "gnu++20";
				CLANG_ENABLE_MODULES = YES;
				CLANG_ENABLE_OBJC_ARC = YES;
				CLANG_ENABLE_OBJC_WEAK = YES;
				CLANG_WARN_BLOCK_CAPTURE_AUTORELEASING = YES;
				CLANG_WARN_BOOL_CONVERSION = YES;
				CLANG_WARN_COMMA = YES;
				CLANG_WARN_CONSTANT_CONVERSION = YES;
				CLANG_WARN_DEPRECATED_OBJC_IMPLEMENTATIONS = YES;
				CLANG_WARN_DIRECT_OBJC_ISA_USAGE = YES_ERROR;
				CLANG_WARN_DOCUMENTATION_COMMENTS = YES;
				CLANG_WARN_EMPTY_BODY = YES;
				CLANG_WARN_ENUM_CONVERSION = YES;
				CLANG_WARN_INFINITE_RECURSION = YES;
				CLANG_WARN_INT_CONVERSION = YES;
				CLANG_WARN_NON_LITERAL_NULL_CONVERSION = YES;
				CLANG_WARN_OBJC_IMPLICIT_RETAIN_SELF = YES;
				CLANG_WARN_OBJC_LITERAL_CONVERSION = YES;
				CLANG_WARN_OBJC_ROOT_CLASS = YES_ERROR;
				CLANG_WARN_QUOTED_INCLUDE_IN_FRAMEWORK_HEADER = YES;
				CLANG_WARN_RANGE_LOOP_ANALYSIS = YES;
				CLANG_WARN_STRICT_PROTOTYPES = YES;
				CLANG_WARN_SUSPICIOUS_MOVE = YES;
				CLANG_WARN_UNGUARDED_AVAILABILITY = YES_AGGRESSIVE;
				CLANG_WARN_UNREACHABLE_CODE = YES;
				CLANG_WARN__DUPLICATE_METHOD_MATCH = YES;
				COPY_PHASE_STRIP = NO;
				DEBUG_INFORMATION_FORMAT = "dwarf-with-dsym";
				ENABLE_NS_ASSERTIONS = NO;
				ENABLE_STRICT_OBJC_MSGSEND = YES;
				ENABLE_USER_SCRIPT_SANDBOXING = YES;
				GCC_C_LANGUAGE_STANDARD = gnu17;
				GCC_NO_COMMON_BLOCKS = YES;
				GCC_WARN_64_TO_32_BIT_CONVERSION = YES;
				GCC_WARN_ABOUT_RETURN_TYPE = YES_ERROR;
				GCC_WARN_UNDECLARED_SELECTOR = YES;
				GCC_WARN_UNINITIALIZED_AUTOS = YES_AGGRESSIVE;
				GCC_WARN_UNUSED_FUNCTION = YES;
				GCC_WARN_UNUSED_VARIABLE = YES;
				IPHONEOS_DEPLOYMENT_TARGET = 18.1;
				LOCALIZATION_PREFERS_STRING_CATALOGS = YES;
				MTL_ENABLE_DEBUG_INFO = NO;
				MTL_FAST_MATH = YES;
				SDKROOT = iphoneos;
				SWIFT_COMPILATION_MODE = wholemodule;
				VALIDATE_PRODUCT = YES;
			};
			name = Release;
		};
		288B00E02E8A2C1F00AFE735 /* Debug */ = {
			isa = XCBuildConfiguration;
			buildSettings = {
				ASSETCATALOG_COMPILER_APPICON_NAME = AppIcon;
				ASSETCATALOG_COMPILER_GLOBAL_ACCENT_COLOR_NAME = AccentColor;
				CODE_SIGN_STYLE = Automatic;
				CURRENT_PROJECT_VERSION = 1;
				DEVELOPMENT_ASSET_PATHS = "\"AppChiTieu/Preview Content\"";
				DEVELOPMENT_TEAM = 2VDTLWT96R;
				ENABLE_PREVIEWS = YES;
				GENERATE_INFOPLIST_FILE = YES;
				INFOPLIST_KEY_UIApplicationSceneManifest_Generation = YES;
				INFOPLIST_KEY_UIApplicationSupportsIndirectInputEvents = YES;
				INFOPLIST_KEY_UILaunchScreen_Generation = YES;
				INFOPLIST_KEY_UISupportedInterfaceOrientations_iPad = "UIInterfaceOrientationPortrait UIInterfaceOrientationPortraitUpsideDown UIInterfaceOrientationLandscapeLeft UIInterfaceOrientationLandscapeRight";
				INFOPLIST_KEY_UISupportedInterfaceOrientations_iPhone = "UIInterfaceOrientationPortrait UIInterfaceOrientationLandscapeLeft UIInterfaceOrientationLandscapeRight";
				LD_RUNPATH_SEARCH_PATHS = (
					"$(inherited)",
					"@executable_path/Frameworks",
				);
				MARKETING_VERSION = 1.0;
				PRODUCT_BUNDLE_IDENTIFIER = bareFeet.AppChiTieu;
				PRODUCT_NAME = "$(TARGET_NAME)";
				SWIFT_EMIT_LOC_STRINGS = YES;
				SWIFT_VERSION = 5.0;
				TARGETED_DEVICE_FAMILY = "1,2";
			};
			name = Debug;
		};
		288B00E12E8A2C1F00AFE735 /* Release */ = {
			isa = XCBuildConfiguration;
			buildSettings = {
				ASSETCATALOG_COMPILER_APPICON_NAME = AppIcon;
				ASSETCATALOG_COMPILER_GLOBAL_ACCENT_COLOR_NAME = AccentColor;
				CODE_SIGN_STYLE = Automatic;
				CURRENT_PROJECT_VERSION = 1;
				DEVELOPMENT_ASSET_PATHS = "\"AppChiTieu/Preview Content\"";
				DEVELOPMENT_TEAM = 2VDTLWT96R;
				ENABLE_PREVIEWS = YES;
				GENERATE_INFOPLIST_FILE = YES;
				INFOPLIST_KEY_UIApplicationSceneManifest_Generation = YES;
				INFOPLIST_KEY_UIApplicationSupportsIndirectInputEvents = YES;
				INFOPLIST_KEY_UILaunchScreen_Generation = YES;
				INFOPLIST_KEY_UISupportedInterfaceOrientations_iPad = "UIInterfaceOrientationPortrait UIInterfaceOrientationPortraitUpsideDown UIInterfaceOrientationLandscapeLeft UIInterfaceOrientationLandscapeRight";
				INFOPLIST_KEY_UISupportedInterfaceOrientations_iPhone = "UIInterfaceOrientationPortrait UIInterfaceOrientationLandscapeLeft UIInterfaceOrientationLandscapeRight";
				LD_RUNPATH_SEARCH_PATHS = (
					"$(inherited)",
					"@executable_path/Frameworks",
				);
				MARKETING_VERSION = 1.0;
				PRODUCT_BUNDLE_IDENTIFIER = bareFeet.AppChiTieu;
				PRODUCT_NAME = "$(TARGET_NAME)";
				SWIFT_EMIT_LOC_STRINGS = YES;
				SWIFT_VERSION = 5.0;
				TARGETED_DEVICE_FAMILY = "1,2";
			};
			name = Release;
		};
/* End XCBuildConfiguration section */

/* Begin XCConfigurationList section */
		288B00CC2E8A2C1D00AFE735 /* Build configuration list for PBXProject "AppChiTieu" */ = {
			isa = XCConfigurationList;
			buildConfigurations = (
				288B00DD2E8A2C1F00AFE735 /* Debug */,
				288B00DE2E8A2C1F00AFE735 /* Release */,
			);
			defaultConfigurationIsVisible = 0;
			defaultConfigurationName = Release;
		};
		288B00DF2E8A2C1F00AFE735 /* Build configuration list for PBXNativeTarget "AppChiTieu" */ = {
			isa = XCConfigurationList;
			buildConfigurations = (
				288B00E02E8A2C1F00AFE735 /* Debug */,
				288B00E12E8A2C1F00AFE735 /* Release */,
			);
			defaultConfigurationIsVisible = 0;
			defaultConfigurationName = Release;
		};
/* End XCConfigurationList section */
	};
	rootObject = 288B00C92E8A2C1D00AFE735 /* Project object */;
}
