// !$*UTF8*$!
{
	archiveVersion = 1;
	classes = {
	};
	objectVersion = 77;
	objects = {

/* Begin PBXBuildFile section */
		28B7085F2E52DA7C00C24D93 /* ContentView.swift in Sources */ = {isa = PBXBuildFile; fileRef = 28B7085C2E52DA7C00C24D93 /* ContentView.swift */; };
		28B708602E52DA7C00C24D93 /* CustomListAndHeaderApp.swift in Sources */ = {isa = PBXBuildFile; fileRef = 28B7085D2E52DA7C00C24D93 /* CustomListAndHeaderApp.swift */; };
		28B708612E52DA7C00C24D93 /* Preview Assets.xcassets in Resources */ = {isa = PBXBuildFile; fileRef = 28B708592E52DA7C00C24D93 /* Preview Assets.xcassets */; };
		28B708622E52DA7C00C24D93 /* Assets.xcassets in Resources */ = {isa = PBXBuildFile; fileRef = 28B7085B2E52DA7C00C24D93 /* Assets.xcassets */; };
		28B708652E52DC3D00C24D93 /* CustomNavBar.swift in Sources */ = {isa = PBXBuildFile; fileRef = 28B708642E52DC3D00C24D93 /* CustomNavBar.swift */; };
		28B708672E52DC4900C24D93 /* VideoView.swift in Sources */ = {isa = PBXBuildFile; fileRef = 28B708662E52DC4900C24D93 /* VideoView.swift */; };
		28B708692E52DC5700C24D93 /* card2_video.mp4 in Resources */ = {isa = PBXBuildFile; fileRef = 28B708682E52DC5700C24D93 /* card2_video.mp4 */; };
		28B7086C2E52E10F00C24D93 /* News.swift in Sources */ = {isa = PBXBuildFile; fileRef = 28B7086B2E52E10F00C24D93 /* News.swift */; };
		28B7086E2E530C9D00C24D93 /* ArticleView.swift in Sources */ = {isa = PBXBuildFile; fileRef = 28B7086D2E530C9D00C24D93 /* ArticleView.swift */; };
		28B708702E5317A200C24D93 /* magic.json in Resources */ = {isa = PBXBuildFile; fileRef = 28B7086F2E5317A200C24D93 /* magic.json */; };
/* End PBXBuildFile section */

/* Begin PBXFileReference section */
		28B708482E52DA7500C24D93 /* CustomListAndHeader.app */ = {isa = PBXFileReference; explicitFileType = wrapper.application; includeInIndex = 0; path = CustomListAndHeader.app; sourceTree = BUILT_PRODUCTS_DIR; };
		28B708592E52DA7C00C24D93 /* Preview Assets.xcassets */ = {isa = PBXFileReference; lastKnownFileType = folder.assetcatalog; path = "Preview Assets.xcassets"; sourceTree = "<group>"; };
		28B7085B2E52DA7C00C24D93 /* Assets.xcassets */ = {isa = PBXFileReference; lastKnownFileType = folder.assetcatalog; path = Assets.xcassets; sourceTree = "<group>"; };
		28B7085C2E52DA7C00C24D93 /* ContentView.swift */ = {isa = PBXFileReference; lastKnownFileType = sourcecode.swift; path = ContentView.swift; sourceTree = "<group>"; };
		28B7085D2E52DA7C00C24D93 /* CustomListAndHeaderApp.swift */ = {isa = PBXFileReference; lastKnownFileType = sourcecode.swift; path = CustomListAndHeaderApp.swift; sourceTree = "<group>"; };
		28B708642E52DC3D00C24D93 /* CustomNavBar.swift */ = {isa = PBXFileReference; lastKnownFileType = sourcecode.swift; path = CustomNavBar.swift; sourceTree = "<group>"; };
		28B708662E52DC4900C24D93 /* VideoView.swift */ = {isa = PBXFileReference; lastKnownFileType = sourcecode.swift; path = VideoView.swift; sourceTree = "<group>"; };
		28B708682E52DC5700C24D93 /* card2_video.mp4 */ = {isa = PBXFileReference; lastKnownFileType = file; path = card2_video.mp4; sourceTree = "<group>"; };
		28B7086B2E52E10F00C24D93 /* News.swift */ = {isa = PBXFileReference; lastKnownFileType = sourcecode.swift; path = News.swift; sourceTree = "<group>"; };
		28B7086D2E530C9D00C24D93 /* ArticleView.swift */ = {isa = PBXFileReference; lastKnownFileType = sourcecode.swift; path = ArticleView.swift; sourceTree = "<group>"; };
		28B7086F2E5317A200C24D93 /* magic.json */ = {isa = PBXFileReference; lastKnownFileType = text.json; path = magic.json; sourceTree = "<group>"; };
/* End PBXFileReference section */

/* Begin PBXFrameworksBuildPhase section */
		28B708452E52DA7500C24D93 /* Frameworks */ = {
			isa = PBXFrameworksBuildPhase;
			buildActionMask = 2147483647;
			files = (
			);
			runOnlyForDeploymentPostprocessing = 0;
		};
/* End PBXFrameworksBuildPhase section */

/* Begin PBXGroup section */
		28B7083F2E52DA7500C24D93 = {
			isa = PBXGroup;
			children = (
				28B7085E2E52DA7C00C24D93 /* CustomListAndHeader */,
				28B708492E52DA7500C24D93 /* Products */,
			);
			sourceTree = "<group>";
		};
		28B708492E52DA7500C24D93 /* Products */ = {
			isa = PBXGroup;
			children = (
				28B708482E52DA7500C24D93 /* CustomListAndHeader.app */,
			);
			name = Products;
			sourceTree = "<group>";
		};
		28B7085A2E52DA7C00C24D93 /* Preview Content */ = {
			isa = PBXGroup;
			children = (
				28B708592E52DA7C00C24D93 /* Preview Assets.xcassets */,
			);
			path = "Preview Content";
			sourceTree = "<group>";
		};
		28B7085E2E52DA7C00C24D93 /* CustomListAndHeader */ = {
			isa = PBXGroup;
			children = (
				28B7085D2E52DA7C00C24D93 /* CustomListAndHeaderApp.swift */,
				28B7085A2E52DA7C00C24D93 /* Preview Content */,
				28B708712E5317AA00C24D93 /* Res */,
				28B7086A2E52E10300C24D93 /* Domain */,
				28B708682E52DC5700C24D93 /* card2_video.mp4 */,
				28B7085C2E52DA7C00C24D93 /* ContentView.swift */,
				28B708632E52DC3100C24D93 /* HomeView */,
			);
			path = CustomListAndHeader;
			sourceTree = "<group>";
		};
		28B708632E52DC3100C24D93 /* HomeView */ = {
			isa = PBXGroup;
			children = (
				28B708642E52DC3D00C24D93 /* CustomNavBar.swift */,
				28B708662E52DC4900C24D93 /* VideoView.swift */,
				28B7086D2E530C9D00C24D93 /* ArticleView.swift */,
			);
			path = HomeView;
			sourceTree = "<group>";
		};
		28B7086A2E52E10300C24D93 /* Domain */ = {
			isa = PBXGroup;
			children = (
				28B7086B2E52E10F00C24D93 /* News.swift */,
			);
			path = Domain;
			sourceTree = "<group>";
		};
		28B708712E5317AA00C24D93 /* Res */ = {
			isa = PBXGroup;
			children = (
				28B7085B2E52DA7C00C24D93 /* Assets.xcassets */,
				28B7086F2E5317A200C24D93 /* magic.json */,
			);
			path = Res;
			sourceTree = "<group>";
		};
/* End PBXGroup section */

/* Begin PBXNativeTarget section */
		28B708472E52DA7500C24D93 /* CustomListAndHeader */ = {
			isa = PBXNativeTarget;
			buildConfigurationList = 28B708562E52DA7600C24D93 /* Build configuration list for PBXNativeTarget "CustomListAndHeader" */;
			buildPhases = (
				28B708442E52DA7500C24D93 /* Sources */,
				28B708452E52DA7500C24D93 /* Frameworks */,
				28B708462E52DA7500C24D93 /* Resources */,
			);
			buildRules = (
			);
			dependencies = (
			);
			name = CustomListAndHeader;
			packageProductDependencies = (
			);
			productName = CustomListAndHeader;
			productReference = 28B708482E52DA7500C24D93 /* CustomListAndHeader.app */;
			productType = "com.apple.product-type.application";
		};
/* End PBXNativeTarget section */

/* Begin PBXProject section */
		28B708402E52DA7500C24D93 /* Project object */ = {
			isa = PBXProject;
			attributes = {
				BuildIndependentTargetsInParallel = 1;
				LastSwiftUpdateCheck = 1610;
				LastUpgradeCheck = 1610;
				TargetAttributes = {
					28B708472E52DA7500C24D93 = {
						CreatedOnToolsVersion = 16.1;
					};
				};
			};
			buildConfigurationList = 28B708432E52DA7500C24D93 /* Build configuration list for PBXProject "CustomListAndHeader" */;
			developmentRegion = en;
			hasScannedForEncodings = 0;
			knownRegions = (
				en,
				Base,
			);
			mainGroup = 28B7083F2E52DA7500C24D93;
			minimizedProjectReferenceProxies = 1;
			preferredProjectObjectVersion = 77;
			productRefGroup = 28B708492E52DA7500C24D93 /* Products */;
			projectDirPath = "";
			projectRoot = "";
			targets = (
				28B708472E52DA7500C24D93 /* CustomListAndHeader */,
			);
		};
/* End PBXProject section */

/* Begin PBXResourcesBuildPhase section */
		28B708462E52DA7500C24D93 /* Resources */ = {
			isa = PBXResourcesBuildPhase;
			buildActionMask = 2147483647;
			files = (
				28B708612E52DA7C00C24D93 /* Preview Assets.xcassets in Resources */,
				28B708692E52DC5700C24D93 /* card2_video.mp4 in Resources */,
				28B708622E52DA7C00C24D93 /* Assets.xcassets in Resources */,
				28B708702E5317A200C24D93 /* magic.json in Resources */,
			);
			runOnlyForDeploymentPostprocessing = 0;
		};
/* End PBXResourcesBuildPhase section */

/* Begin PBXSourcesBuildPhase section */
		28B708442E52DA7500C24D93 /* Sources */ = {
			isa = PBXSourcesBuildPhase;
			buildActionMask = 2147483647;
			files = (
				28B708672E52DC4900C24D93 /* VideoView.swift in Sources */,
				28B7086E2E530C9D00C24D93 /* ArticleView.swift in Sources */,
				28B708652E52DC3D00C24D93 /* CustomNavBar.swift in Sources */,
				28B7085F2E52DA7C00C24D93 /* ContentView.swift in Sources */,
				28B7086C2E52E10F00C24D93 /* News.swift in Sources */,
				28B708602E52DA7C00C24D93 /* CustomListAndHeaderApp.swift in Sources */,
			);
			runOnlyForDeploymentPostprocessing = 0;
		};
/* End PBXSourcesBuildPhase section */

/* Begin XCBuildConfiguration section */
		28B708542E52DA7600C24D93 /* Debug */ = {
			isa = XCBuildConfiguration;
			buildSettings = {
				ALWAYS_SEARCH_USER_PATHS = NO;
				ASSETCATALOG_COMPILER_GENERATE_SWIFT_ASSET_SYMBOL_EXTENSIONS = YES;
				CLANG_ANALYZER_NONNULL = YES;
				CLANG_ANALYZER_NUMBER_OBJECT_CONVERSION = YES_AGGRESSIVE;
				CLANG_CXX_LANGUAGE_STANDARD = "gnu++20";
				CLANG_ENABLE_MODULES = YES;
				CLANG_ENABLE_OBJC_ARC = YES;
				CLANG_ENABLE_OBJC_WEAK = YES;
				CLANG_WARN_BLOCK_CAPTURE_AUTORELEASING = YES;
				CLANG_WARN_BOOL_CONVERSION = YES;
				CLANG_WARN_COMMA = YES;
				CLANG_WARN_CONSTANT_CONVERSION = YES;
				CLANG_WARN_DEPRECATED_OBJC_IMPLEMENTATIONS = YES;
				CLANG_WARN_DIRECT_OBJC_ISA_USAGE = YES_ERROR;
				CLANG_WARN_DOCUMENTATION_COMMENTS = YES;
				CLANG_WARN_EMPTY_BODY = YES;
				CLANG_WARN_ENUM_CONVERSION = YES;
				CLANG_WARN_INFINITE_RECURSION = YES;
				CLANG_WARN_INT_CONVERSION = YES;
				CLANG_WARN_NON_LITERAL_NULL_CONVERSION = YES;
				CLANG_WARN_OBJC_IMPLICIT_RETAIN_SELF = YES;
				CLANG_WARN_OBJC_LITERAL_CONVERSION = YES;
				CLANG_WARN_OBJC_ROOT_CLASS = YES_ERROR;
				CLANG_WARN_QUOTED_INCLUDE_IN_FRAMEWORK_HEADER = YES;
				CLANG_WARN_RANGE_LOOP_ANALYSIS = YES;
				CLANG_WARN_STRICT_PROTOTYPES = YES;
				CLANG_WARN_SUSPICIOUS_MOVE = YES;
				CLANG_WARN_UNGUARDED_AVAILABILITY = YES_AGGRESSIVE;
				CLANG_WARN_UNREACHABLE_CODE = YES;
				CLANG_WARN__DUPLICATE_METHOD_MATCH = YES;
				COPY_PHASE_STRIP = NO;
				DEBUG_INFORMATION_FORMAT = dwarf;
				ENABLE_STRICT_OBJC_MSGSEND = YES;
				ENABLE_TESTABILITY = YES;
				ENABLE_USER_SCRIPT_SANDBOXING = YES;
				GCC_C_LANGUAGE_STANDARD = gnu17;
				GCC_DYNAMIC_NO_PIC = NO;
				GCC_NO_COMMON_BLOCKS = YES;
				GCC_OPTIMIZATION_LEVEL = 0;
				GCC_PREPROCESSOR_DEFINITIONS = (
					"DEBUG=1",
					"$(inherited)",
				);
				GCC_WARN_64_TO_32_BIT_CONVERSION = YES;
				GCC_WARN_ABOUT_RETURN_TYPE = YES_ERROR;
				GCC_WARN_UNDECLARED_SELECTOR = YES;
				GCC_WARN_UNINITIALIZED_AUTOS = YES_AGGRESSIVE;
				GCC_WARN_UNUSED_FUNCTION = YES;
				GCC_WARN_UNUSED_VARIABLE = YES;
				IPHONEOS_DEPLOYMENT_TARGET = 18.1;
				LOCALIZATION_PREFERS_STRING_CATALOGS = YES;
				MTL_ENABLE_DEBUG_INFO = INCLUDE_SOURCE;
				MTL_FAST_MATH = YES;
				ONLY_ACTIVE_ARCH = YES;
				SDKROOT = iphoneos;
				SWIFT_ACTIVE_COMPILATION_CONDITIONS = "DEBUG $(inherited)";
				SWIFT_OPTIMIZATION_LEVEL = "-Onone";
			};
			name = Debug;
		};
		28B708552E52DA7600C24D93 /* Release */ = {
			isa = XCBuildConfiguration;
			buildSettings = {
				ALWAYS_SEARCH_USER_PATHS = NO;
				ASSETCATALOG_COMPILER_GENERATE_SWIFT_ASSET_SYMBOL_EXTENSIONS = YES;
				CLANG_ANALYZER_NONNULL = YES;
				CLANG_ANALYZER_NUMBER_OBJECT_CONVERSION = YES_AGGRESSIVE;
				CLANG_CXX_LANGUAGE_STANDARD = "gnu++20";
				CLANG_ENABLE_MODULES = YES;
				CLANG_ENABLE_OBJC_ARC = YES;
				CLANG_ENABLE_OBJC_WEAK = YES;
				CLANG_WARN_BLOCK_CAPTURE_AUTORELEASING = YES;
				CLANG_WARN_BOOL_CONVERSION = YES;
				CLANG_WARN_COMMA = YES;
				CLANG_WARN_CONSTANT_CONVERSION = YES;
				CLANG_WARN_DEPRECATED_OBJC_IMPLEMENTATIONS = YES;
				CLANG_WARN_DIRECT_OBJC_ISA_USAGE = YES_ERROR;
				CLANG_WARN_DOCUMENTATION_COMMENTS = YES;
				CLANG_WARN_EMPTY_BODY = YES;
				CLANG_WARN_ENUM_CONVERSION = YES;
				CLANG_WARN_INFINITE_RECURSION = YES;
				CLANG_WARN_INT_CONVERSION = YES;
				CLANG_WARN_NON_LITERAL_NULL_CONVERSION = YES;
				CLANG_WARN_OBJC_IMPLICIT_RETAIN_SELF = YES;
				CLANG_WARN_OBJC_LITERAL_CONVERSION = YES;
				CLANG_WARN_OBJC_ROOT_CLASS = YES_ERROR;
				CLANG_WARN_QUOTED_INCLUDE_IN_FRAMEWORK_HEADER = YES;
				CLANG_WARN_RANGE_LOOP_ANALYSIS = YES;
				CLANG_WARN_STRICT_PROTOTYPES = YES;
				CLANG_WARN_SUSPICIOUS_MOVE = YES;
				CLANG_WARN_UNGUARDED_AVAILABILITY = YES_AGGRESSIVE;
				CLANG_WARN_UNREACHABLE_CODE = YES;
				CLANG_WARN__DUPLICATE_METHOD_MATCH = YES;
				COPY_PHASE_STRIP = NO;
				DEBUG_INFORMATION_FORMAT = "dwarf-with-dsym";
				ENABLE_NS_ASSERTIONS = NO;
				ENABLE_STRICT_OBJC_MSGSEND = YES;
				ENABLE_USER_SCRIPT_SANDBOXING = YES;
				GCC_C_LANGUAGE_STANDARD = gnu17;
				GCC_NO_COMMON_BLOCKS = YES;
				GCC_WARN_64_TO_32_BIT_CONVERSION = YES;
				GCC_WARN_ABOUT_RETURN_TYPE = YES_ERROR;
				GCC_WARN_UNDECLARED_SELECTOR = YES;
				GCC_WARN_UNINITIALIZED_AUTOS = YES_AGGRESSIVE;
				GCC_WARN_UNUSED_FUNCTION = YES;
				GCC_WARN_UNUSED_VARIABLE = YES;
				IPHONEOS_DEPLOYMENT_TARGET = 18.1;
				LOCALIZATION_PREFERS_STRING_CATALOGS = YES;
				MTL_ENABLE_DEBUG_INFO = NO;
				MTL_FAST_MATH = YES;
				SDKROOT = iphoneos;
				SWIFT_COMPILATION_MODE = wholemodule;
				VALIDATE_PRODUCT = YES;
			};
			name = Release;
		};
		28B708572E52DA7600C24D93 /* Debug */ = {
			isa = XCBuildConfiguration;
			buildSettings = {
				ASSETCATALOG_COMPILER_APPICON_NAME = AppIcon;
				ASSETCATALOG_COMPILER_GLOBAL_ACCENT_COLOR_NAME = AccentColor;
				CODE_SIGN_STYLE = Automatic;
				CURRENT_PROJECT_VERSION = 1;
				DEVELOPMENT_ASSET_PATHS = "\"CustomListAndHeader/Preview Content\"";
				DEVELOPMENT_TEAM = 2VDTLWT96R;
				ENABLE_PREVIEWS = YES;
				GENERATE_INFOPLIST_FILE = YES;
				INFOPLIST_KEY_UIApplicationSceneManifest_Generation = YES;
				INFOPLIST_KEY_UIApplicationSupportsIndirectInputEvents = YES;
				INFOPLIST_KEY_UILaunchScreen_Generation = YES;
				INFOPLIST_KEY_UISupportedInterfaceOrientations_iPad = "UIInterfaceOrientationPortrait UIInterfaceOrientationPortraitUpsideDown UIInterfaceOrientationLandscapeLeft UIInterfaceOrientationLandscapeRight";
				INFOPLIST_KEY_UISupportedInterfaceOrientations_iPhone = "UIInterfaceOrientationPortrait UIInterfaceOrientationLandscapeLeft UIInterfaceOrientationLandscapeRight";
				LD_RUNPATH_SEARCH_PATHS = (
					"$(inherited)",
					"@executable_path/Frameworks",
				);
				MARKETING_VERSION = 1.0;
				PRODUCT_BUNDLE_IDENTIFIER = bareFeet.CustomListAndHeader;
				PRODUCT_NAME = "$(TARGET_NAME)";
				SWIFT_EMIT_LOC_STRINGS = YES;
				SWIFT_VERSION = 5.0;
				TARGETED_DEVICE_FAMILY = "1,2";
			};
			name = Debug;
		};
		28B708582E52DA7600C24D93 /* Release */ = {
			isa = XCBuildConfiguration;
			buildSettings = {
				ASSETCATALOG_COMPILER_APPICON_NAME = AppIcon;
				ASSETCATALOG_COMPILER_GLOBAL_ACCENT_COLOR_NAME = AccentColor;
				CODE_SIGN_STYLE = Automatic;
				CURRENT_PROJECT_VERSION = 1;
				DEVELOPMENT_ASSET_PATHS = "\"CustomListAndHeader/Preview Content\"";
				DEVELOPMENT_TEAM = 2VDTLWT96R;
				ENABLE_PREVIEWS = YES;
				GENERATE_INFOPLIST_FILE = YES;
				INFOPLIST_KEY_UIApplicationSceneManifest_Generation = YES;
				INFOPLIST_KEY_UIApplicationSupportsIndirectInputEvents = YES;
				INFOPLIST_KEY_UILaunchScreen_Generation = YES;
				INFOPLIST_KEY_UISupportedInterfaceOrientations_iPad = "UIInterfaceOrientationPortrait UIInterfaceOrientationPortraitUpsideDown UIInterfaceOrientationLandscapeLeft UIInterfaceOrientationLandscapeRight";
				INFOPLIST_KEY_UISupportedInterfaceOrientations_iPhone = "UIInterfaceOrientationPortrait UIInterfaceOrientationLandscapeLeft UIInterfaceOrientationLandscapeRight";
				LD_RUNPATH_SEARCH_PATHS = (
					"$(inherited)",
					"@executable_path/Frameworks",
				);
				MARKETING_VERSION = 1.0;
				PRODUCT_BUNDLE_IDENTIFIER = bareFeet.CustomListAndHeader;
				PRODUCT_NAME = "$(TARGET_NAME)";
				SWIFT_EMIT_LOC_STRINGS = YES;
				SWIFT_VERSION = 5.0;
				TARGETED_DEVICE_FAMILY = "1,2";
			};
			name = Release;
		};
/* End XCBuildConfiguration section */

/* Begin XCConfigurationList section */
		28B708432E52DA7500C24D93 /* Build configuration list for PBXProject "CustomListAndHeader" */ = {
			isa = XCConfigurationList;
			buildConfigurations = (
				28B708542E52DA7600C24D93 /* Debug */,
				28B708552E52DA7600C24D93 /* Release */,
			);
			defaultConfigurationIsVisible = 0;
			defaultConfigurationName = Release;
		};
		28B708562E52DA7600C24D93 /* Build configuration list for PBXNativeTarget "CustomListAndHeader" */ = {
			isa = XCConfigurationList;
			buildConfigurations = (
				28B708572E52DA7600C24D93 /* Debug */,
				28B708582E52DA7600C24D93 /* Release */,
			);
			defaultConfigurationIsVisible = 0;
			defaultConfigurationName = Release;
		};
/* End XCConfigurationList section */
	};
	rootObject = 28B708402E52DA7500C24D93 /* Project object */;
}
